{"1.1.0",
[{<<"cowboy">>,{pkg,<<"cowboy">>,<<"1.0.4">>},0},
 {<<"cowlib">>,{pkg,<<"cowlib">>,<<"1.0.2">>},1},
 {<<"craterl">>,{pkg,<<"craterl">>,<<"0.2.3">>},0},
 {<<"hackney">>,{pkg,<<"hackney">>,<<"1.3.1">>},1},
 {<<"idna">>,{pkg,<<"idna">>,<<"1.0.3">>},2},
 {<<"jsx">>,{pkg,<<"jsx">>,<<"2.8.0">>},0},
 {<<"quickrand">>,{pkg,<<"quickrand">>,<<"1.7.3">>},1},
 {<<"ranch">>,{pkg,<<"ranch">>,<<"1.5.0">>},1},
 {<<"ssl_verify_hostname">>,{pkg,<<"ssl_verify_hostname">>,<<"1.0.6">>},2},
 {<<"uuid">>,{pkg,<<"uuid_erl">>,<<"1.7.3">>},0}]}.
[
{pkg_hash,[
 {<<"cowboy">>, <<"A324A8DF9F2316C833A470D918AAF73AE894278B8AA6226CE7A9BF699388F878">>},
 {<<"cowlib">>, <<"9D769A1D062C9C3AC753096F868CA121E2730B9A377DE23DEC0F7E08B1DF84EE">>},
 {<<"craterl">>, <<"0F68FD5E4531D28624D76468F36D02A17AD4D5C20CB2DFEE4354C6B9E38D7C5B">>},
 {<<"hackney">>, <<"8C412B8047B6D96998B0D4D6865E3FAD74DDB9A158CDE72772E381D8467C1126">>},
 {<<"idna">>, <<"D456A8761CAD91C97E9788C27002EB3B773ADAF5C893275FC35BA4E3434BBD9B">>},
 {<<"jsx">>, <<"749BEC6D205C694AE1786D62CEA6CC45A390437E24835FD16D12D74F07097727">>},
 {<<"quickrand">>, <<"0E4FB48FAC904FE0C6E21D7E8C31A288A0700E1E81A35B38B649FC119079755D">>},
 {<<"ranch">>, <<"F04166F456790FEE2AC1AA05A02745CC75783C2BFB26D39FAF6AEFC9A3D3A58A">>},
 {<<"ssl_verify_hostname">>, <<"45866D958D9AE51CFE8FEF0050AB8054D25CBA23ACE43B88046092AA2C714645">>},
 {<<"uuid">>, <<"C5DF97D1A3D626235C2415E74053C47B2138BB863C5CD802AB5CAECB8ECC019F">>}]}
].
