{"1.2.0",
[{<<"cowboy">>,{pkg,<<"cowboy">>,<<"1.1.2">>},0},
 {<<"cowlib">>,{pkg,<<"cowlib">>,<<"1.0.2">>},1},
 {<<"craterl">>,{pkg,<<"craterl">>,<<"0.2.3">>},0},
 {<<"hackney">>,{pkg,<<"hackney">>,<<"1.3.1">>},1},
 {<<"idna">>,{pkg,<<"idna">>,<<"1.0.3">>},2},
 {<<"jsx">>,{pkg,<<"jsx">>,<<"2.11.0">>},0},
 {<<"quickrand">>,{pkg,<<"quickrand">>,<<"1.8.0">>},1},
 {<<"ranch">>,{pkg,<<"ranch">>,<<"1.3.2">>},1},
 {<<"ssl_verify_hostname">>,{pkg,<<"ssl_verify_hostname">>,<<"1.0.6">>},2},
 {<<"uuid">>,{pkg,<<"uuid_erl">>,<<"1.8.0">>},0}]}.
[
{pkg_hash,[
 {<<"cowboy">>, <<"61AC29EA970389A88ECA5A65601460162D370A70018AFE6F949A29DCA91F3BB0">>},
 {<<"cowlib">>, <<"9D769A1D062C9C3AC753096F868CA121E2730B9A377DE23DEC0F7E08B1DF84EE">>},
 {<<"craterl">>, <<"0F68FD5E4531D28624D76468F36D02A17AD4D5C20CB2DFEE4354C6B9E38D7C5B">>},
 {<<"hackney">>, <<"8C412B8047B6D96998B0D4D6865E3FAD74DDB9A158CDE72772E381D8467C1126">>},
 {<<"idna">>, <<"D456A8761CAD91C97E9788C27002EB3B773ADAF5C893275FC35BA4E3434BBD9B">>},
 {<<"jsx">>, <<"08154624050333919B4AC1B789667D5F4DB166DC50E190C4D778D1587F102EE0">>},
 {<<"quickrand">>, <<"E47CE597FF067385FF5836C8C7706AC7F8AA7B47DD90C6417E05B64696F872FA">>},
 {<<"ranch">>, <<"E4965A144DC9FBE70E5C077C65E73C57165416A901BD02EA899CFD95AA890986">>},
 {<<"ssl_verify_hostname">>, <<"45866D958D9AE51CFE8FEF0050AB8054D25CBA23ACE43B88046092AA2C714645">>},
 {<<"uuid">>, <<"280014F8FF57FCE36EE6E91C3ECF21CBFCE78AAE9854C09597BB4C11E27B66D6">>}]},
{pkg_hash_ext,[
 {<<"cowboy">>, <<"F4763BBE08233ECEED6F24BC4FCC8D71C17CFEAFA6439157C57349AA1BB4F17C">>},
 {<<"cowlib">>, <<"DB622DA03AA039E6366AB953E31186CC8190D32905E33788A1ACB22744E6ABD2">>},
 {<<"craterl">>, <<"BBBFA254FA5834D144F9061FFF03035ECA9A50B5E7581CE342C495B91AF02929">>},
 {<<"hackney">>, <<"1A6316DACEAE744758FC88F2961E68C5A8B6CF1E1F49A28FC2CAEA6D27581ADD">>},
 {<<"idna">>, <<"357D489A51112DB4F216034406834F9172B3C0FF5A12F83FB28B25CA271541D1">>},
 {<<"jsx">>, <<"EED26A0D04D217F9EECEFFFB89714452556CF90EB38F290A27A4D45B9988F8C0">>},
 {<<"quickrand">>, <<"7FFADCF851FB4D1F7BC2952E955623BE63F9C4A6B965FD207CC558D5AEDBB6F9">>},
 {<<"ranch">>, <<"6E56493A862433FCCC3ACA3025C946D6720D8EEDF6E3E6FB911952A7071C357F">>},
 {<<"ssl_verify_hostname">>, <<"72B2FC8A8E23D77EED4441137FEFA491BBF4A6DC52E9C0045F3F8E92E66243B5">>},
 {<<"uuid">>, <<"08A59B19A93F0F319B7609516DCE33D2366FA24429EF097D107B7D6998D7E9CC">>}]}
].
